
Microsoft Visual Studio Solution File, Format Version 12.00
# Visual Studio Version 16
VisualStudioVersion = 16.0.30804.86
MinimumVisualStudioVersion = 10.0.40219.1
Project("{FAE04EC0-301F-11D3-BF4B-00C04F79EFBC}") = "WebOcelot", "WebOcelot\WebOcelot.csproj", "{37B3B2E2-ACBF-4628-A689-637AA6FF6657}"
EndProject
Project("{FAE04EC0-301F-11D3-BF4B-00C04F79EFBC}") = "WebApi", "WebApi\WebApi.csproj", "{C5CE79D7-4909-42A8-BFA6-5A0CC251B7A8}"
EndProject
Global
	GlobalSection(SolutionConfigurationPlatforms) = preSolution
		Debug|Any CPU = Debug|Any CPU
		Release|Any CPU = Release|Any CPU
	EndGlobalSection
	GlobalSection(ProjectConfigurationPlatforms) = postSolution
		{37B3B2E2-ACBF-4628-A689-637AA6FF6657}.Debug|Any CPU.ActiveCfg = Debug|Any CPU
		{37B3B2E2-ACBF-4628-A689-637AA6FF6657}.Debug|Any CPU.Build.0 = Debug|Any CPU
		{37B3B2E2-ACBF-4628-A689-637AA6FF6657}.Release|Any CPU.ActiveCfg = Release|Any CPU
		{37B3B2E2-ACBF-4628-A689-637AA6FF6657}.Release|Any CPU.Build.0 = Release|Any CPU
		{C5CE79D7-4909-42A8-BFA6-5A0CC251B7A8}.Debug|Any CPU.ActiveCfg = Debug|Any CPU
		{C5CE79D7-4909-42A8-BFA6-5A0CC251B7A8}.Debug|Any CPU.Build.0 = Debug|Any CPU
		{C5CE79D7-4909-42A8-BFA6-5A0CC251B7A8}.Release|Any CPU.ActiveCfg = Release|Any CPU
		{C5CE79D7-4909-42A8-BFA6-5A0CC251B7A8}.Release|Any CPU.Build.0 = Release|Any CPU
	EndGlobalSection
	GlobalSection(SolutionProperties) = preSolution
		HideSolutionNode = FALSE
	EndGlobalSection
	GlobalSection(ExtensibilityGlobals) = postSolution
		SolutionGuid = {97BA7D49-9DFA-4740-8EFA-590F1CB9CBBF}
	EndGlobalSection
EndGlobal
